
Microsoft Visual Studio Solution File, Format Version 11.00
# Visual Studio 2010
Project("{FAE04EC0-301F-11D3-BF4B-00C04F79EFBC}") = "FlyoutNavigationSample", "FlyoutNavigationSample\FlyoutNavigationSample\FlyoutNavigationSample.csproj", "{AAA188F1-E969-4095-BC66-59717D7638BB}"
EndProject
Project("{FAE04EC0-301F-11D3-BF4B-00C04F79EFBC}") = "FlyoutNavigation", "FlyoutNavigation\FlyoutNavigation.csproj", "{BEC8904A-0E39-4117-9E4D-AAE6A6A50B4A}"
EndProject
Global
	GlobalSection(SolutionConfigurationPlatforms) = preSolution
		Debug|Any CPU = Debug|Any CPU
		Release|Any CPU = Release|Any CPU
		Debug|iPhoneSimulator = Debug|iPhoneSimulator
		Release|iPhoneSimulator = Release|iPhoneSimulator
		Debug|iPhone = Debug|iPhone
		Release|iPhone = Release|iPhone
	EndGlobalSection
	GlobalSection(ProjectConfigurationPlatforms) = postSolution
		{AAA188F1-E969-4095-BC66-59717D7638BB}.Debug|Any CPU.ActiveCfg = Debug|iPhoneSimulator
		{AAA188F1-E969-4095-BC66-59717D7638BB}.Debug|Any CPU.Build.0 = Debug|iPhoneSimulator
		{AAA188F1-E969-4095-BC66-59717D7638BB}.Debug|iPhone.ActiveCfg = Debug|iPhone
		{AAA188F1-E969-4095-BC66-59717D7638BB}.Debug|iPhone.Build.0 = Debug|iPhone
		{AAA188F1-E969-4095-BC66-59717D7638BB}.Debug|iPhoneSimulator.ActiveCfg = Debug|iPhoneSimulator
		{AAA188F1-E969-4095-BC66-59717D7638BB}.Debug|iPhoneSimulator.Build.0 = Debug|iPhoneSimulator
		{AAA188F1-E969-4095-BC66-59717D7638BB}.Release|Any CPU.ActiveCfg = Release|iPhoneSimulator
		{AAA188F1-E969-4095-BC66-59717D7638BB}.Release|Any CPU.Build.0 = Release|iPhoneSimulator
		{AAA188F1-E969-4095-BC66-59717D7638BB}.Release|iPhone.ActiveCfg = Release|iPhone
		{AAA188F1-E969-4095-BC66-59717D7638BB}.Release|iPhone.Build.0 = Release|iPhone
		{AAA188F1-E969-4095-BC66-59717D7638BB}.Release|iPhoneSimulator.ActiveCfg = Release|iPhoneSimulator
		{AAA188F1-E969-4095-BC66-59717D7638BB}.Release|iPhoneSimulator.Build.0 = Release|iPhoneSimulator
		{BEC8904A-0E39-4117-9E4D-AAE6A6A50B4A}.Debug|Any CPU.ActiveCfg = Debug|Any CPU
		{BEC8904A-0E39-4117-9E4D-AAE6A6A50B4A}.Debug|Any CPU.Build.0 = Debug|Any CPU
		{BEC8904A-0E39-4117-9E4D-AAE6A6A50B4A}.Debug|iPhone.ActiveCfg = Debug|Any CPU
		{BEC8904A-0E39-4117-9E4D-AAE6A6A50B4A}.Debug|iPhone.Build.0 = Debug|Any CPU
		{BEC8904A-0E39-4117-9E4D-AAE6A6A50B4A}.Debug|iPhoneSimulator.ActiveCfg = Debug|Any CPU
		{BEC8904A-0E39-4117-9E4D-AAE6A6A50B4A}.Debug|iPhoneSimulator.Build.0 = Debug|Any CPU
		{BEC8904A-0E39-4117-9E4D-AAE6A6A50B4A}.Release|Any CPU.ActiveCfg = Release|Any CPU
		{BEC8904A-0E39-4117-9E4D-AAE6A6A50B4A}.Release|Any CPU.Build.0 = Release|Any CPU
		{BEC8904A-0E39-4117-9E4D-AAE6A6A50B4A}.Release|iPhone.ActiveCfg = Release|Any CPU
		{BEC8904A-0E39-4117-9E4D-AAE6A6A50B4A}.Release|iPhone.Build.0 = Release|Any CPU
		{BEC8904A-0E39-4117-9E4D-AAE6A6A50B4A}.Release|iPhoneSimulator.ActiveCfg = Release|Any CPU
		{BEC8904A-0E39-4117-9E4D-AAE6A6A50B4A}.Release|iPhoneSimulator.Build.0 = Release|Any CPU
	EndGlobalSection
EndGlobal
