
Microsoft Visual Studio Solution File, Format Version 11.00
# Visual Studio 2010
Project("{FAE04EC0-301F-11D3-BF4B-00C04F79EFBC}") = "FlyOutNavigationSample", "FlyOutNavigationSample\FlyOutNavigationSample.csproj", "{E41D211D-4730-4B57-8A83-CAC9E60EAC4A}"
EndProject
Global
	GlobalSection(SolutionConfigurationPlatforms) = preSolution
		Debug|iPhoneSimulator = Debug|iPhoneSimulator
		Release|iPhoneSimulator = Release|iPhoneSimulator
		Debug|iPhone = Debug|iPhone
		Release|iPhone = Release|iPhone
		Ad-Hoc|iPhone = Ad-Hoc|iPhone
		AppStore|iPhone = AppStore|iPhone
	EndGlobalSection
	GlobalSection(ProjectConfigurationPlatforms) = postSolution
		{E41D211D-4730-4B57-8A83-CAC9E60EAC4A}.Ad-Hoc|iPhone.ActiveCfg = Ad-Hoc|iPhone
		{E41D211D-4730-4B57-8A83-CAC9E60EAC4A}.Ad-Hoc|iPhone.Build.0 = Ad-Hoc|iPhone
		{E41D211D-4730-4B57-8A83-CAC9E60EAC4A}.AppStore|iPhone.ActiveCfg = AppStore|iPhone
		{E41D211D-4730-4B57-8A83-CAC9E60EAC4A}.AppStore|iPhone.Build.0 = AppStore|iPhone
		{E41D211D-4730-4B57-8A83-CAC9E60EAC4A}.Debug|iPhone.ActiveCfg = Debug|iPhone
		{E41D211D-4730-4B57-8A83-CAC9E60EAC4A}.Debug|iPhone.Build.0 = Debug|iPhone
		{E41D211D-4730-4B57-8A83-CAC9E60EAC4A}.Debug|iPhoneSimulator.ActiveCfg = Debug|iPhoneSimulator
		{E41D211D-4730-4B57-8A83-CAC9E60EAC4A}.Debug|iPhoneSimulator.Build.0 = Debug|iPhoneSimulator
		{E41D211D-4730-4B57-8A83-CAC9E60EAC4A}.Release|iPhone.ActiveCfg = Release|iPhone
		{E41D211D-4730-4B57-8A83-CAC9E60EAC4A}.Release|iPhone.Build.0 = Release|iPhone
		{E41D211D-4730-4B57-8A83-CAC9E60EAC4A}.Release|iPhoneSimulator.ActiveCfg = Release|iPhoneSimulator
		{E41D211D-4730-4B57-8A83-CAC9E60EAC4A}.Release|iPhoneSimulator.Build.0 = Release|iPhoneSimulator
	EndGlobalSection
	GlobalSection(MonoDevelopProperties) = preSolution
		StartupItem = FlyOutNavigationSample\FlyOutNavigationSample.csproj
	EndGlobalSection
EndGlobal
