
Microsoft Visual Studio Solution File, Format Version 11.00
# Visual Studio 2010
Project("{FAE04EC0-301F-11D3-BF4B-00C04F79EFBC}") = "FlyoutNavigationSample", "FlyoutNavigationSample\FlyoutNavigationSample.csproj", "{F7F9CC1F-0E0A-4E5D-A1B1-BB977A0CD36B}"
EndProject
Project("{FAE04EC0-301F-11D3-BF4B-00C04F79EFBC}") = "FlyoutNavigation", "..\FlyoutNavigation\FlyoutNavigation.csproj", "{E98F7600-6C2E-4586-A78C-D42BA89445B9}"
EndProject
Global
	GlobalSection(SolutionConfigurationPlatforms) = preSolution
		Debug|iPhoneSimulator = Debug|iPhoneSimulator
		Release|iPhoneSimulator = Release|iPhoneSimulator
		Debug|iPhone = Debug|iPhone
		Release|iPhone = Release|iPhone
		Ad-Hoc|iPhone = Ad-Hoc|iPhone
		AppStore|iPhone = AppStore|iPhone
	EndGlobalSection
	GlobalSection(ProjectConfigurationPlatforms) = postSolution
		{E98F7600-6C2E-4586-A78C-D42BA89445B9}.Ad-Hoc|iPhone.ActiveCfg = Debug|Any CPU
		{E98F7600-6C2E-4586-A78C-D42BA89445B9}.Ad-Hoc|iPhone.Build.0 = Debug|Any CPU
		{E98F7600-6C2E-4586-A78C-D42BA89445B9}.AppStore|iPhone.ActiveCfg = Debug|Any CPU
		{E98F7600-6C2E-4586-A78C-D42BA89445B9}.AppStore|iPhone.Build.0 = Debug|Any CPU
		{E98F7600-6C2E-4586-A78C-D42BA89445B9}.Debug|iPhone.ActiveCfg = Debug|Any CPU
		{E98F7600-6C2E-4586-A78C-D42BA89445B9}.Debug|iPhone.Build.0 = Debug|Any CPU
		{E98F7600-6C2E-4586-A78C-D42BA89445B9}.Debug|iPhoneSimulator.ActiveCfg = Debug|Any CPU
		{E98F7600-6C2E-4586-A78C-D42BA89445B9}.Debug|iPhoneSimulator.Build.0 = Debug|Any CPU
		{E98F7600-6C2E-4586-A78C-D42BA89445B9}.Release|iPhone.ActiveCfg = Release|Any CPU
		{E98F7600-6C2E-4586-A78C-D42BA89445B9}.Release|iPhone.Build.0 = Release|Any CPU
		{E98F7600-6C2E-4586-A78C-D42BA89445B9}.Release|iPhoneSimulator.ActiveCfg = Release|Any CPU
		{E98F7600-6C2E-4586-A78C-D42BA89445B9}.Release|iPhoneSimulator.Build.0 = Release|Any CPU
		{F7F9CC1F-0E0A-4E5D-A1B1-BB977A0CD36B}.Ad-Hoc|iPhone.ActiveCfg = Ad-Hoc|iPhone
		{F7F9CC1F-0E0A-4E5D-A1B1-BB977A0CD36B}.Ad-Hoc|iPhone.Build.0 = Ad-Hoc|iPhone
		{F7F9CC1F-0E0A-4E5D-A1B1-BB977A0CD36B}.AppStore|iPhone.ActiveCfg = AppStore|iPhone
		{F7F9CC1F-0E0A-4E5D-A1B1-BB977A0CD36B}.AppStore|iPhone.Build.0 = AppStore|iPhone
		{F7F9CC1F-0E0A-4E5D-A1B1-BB977A0CD36B}.Debug|iPhone.ActiveCfg = Debug|iPhone
		{F7F9CC1F-0E0A-4E5D-A1B1-BB977A0CD36B}.Debug|iPhone.Build.0 = Debug|iPhone
		{F7F9CC1F-0E0A-4E5D-A1B1-BB977A0CD36B}.Debug|iPhoneSimulator.ActiveCfg = Debug|iPhoneSimulator
		{F7F9CC1F-0E0A-4E5D-A1B1-BB977A0CD36B}.Debug|iPhoneSimulator.Build.0 = Debug|iPhoneSimulator
		{F7F9CC1F-0E0A-4E5D-A1B1-BB977A0CD36B}.Release|iPhone.ActiveCfg = Release|iPhone
		{F7F9CC1F-0E0A-4E5D-A1B1-BB977A0CD36B}.Release|iPhone.Build.0 = Release|iPhone
		{F7F9CC1F-0E0A-4E5D-A1B1-BB977A0CD36B}.Release|iPhoneSimulator.ActiveCfg = Release|iPhoneSimulator
		{F7F9CC1F-0E0A-4E5D-A1B1-BB977A0CD36B}.Release|iPhoneSimulator.Build.0 = Release|iPhoneSimulator
	EndGlobalSection
	GlobalSection(MonoDevelopProperties) = preSolution
		StartupItem = FlyoutNavigationSample\FlyoutNavigationSample.csproj
	EndGlobalSection
EndGlobal
